
Microsoft Visual Studio Solution File, Format Version 12.00
# Visual Studio Version 17
VisualStudioVersion = 17.4.33110.190
MinimumVisualStudioVersion = 10.0.40219.1
Project("{FAE04EC0-301F-11D3-BF4B-00C04F79EFBC}") = "RestAPIAutomationFramework", "RestAPIAutomationFramework\RestAPIAutomationFramework.csproj", "{5D49347B-1117-4E72-8380-FDBFD149EA89}"
EndProject
Project("{FAE04EC0-301F-11D3-BF4B-00C04F79EFBC}") = "RestAPIAutomationBDD", "RestAPIAutomationBDD\RestAPIAutomationBDD.csproj", "{A95D5BC2-31C2-48B7-A5DA-D37C62704C54}"
EndProject
Project("{FAE04EC0-301F-11D3-BF4B-00C04F79EFBC}") = "RestAPIAutomationBL", "RestAPIAutomationBL\RestAPIAutomationBL.csproj", "{65B9085F-96E2-41DC-9456-C639D8E2D963}"
EndProject
Global
	GlobalSection(SolutionConfigurationPlatforms) = preSolution
		Debug|Any CPU = Debug|Any CPU
		Release|Any CPU = Release|Any CPU
	EndGlobalSection
	GlobalSection(ProjectConfigurationPlatforms) = postSolution
		{5D49347B-1117-4E72-8380-FDBFD149EA89}.Debug|Any CPU.ActiveCfg = Debug|Any CPU
		{5D49347B-1117-4E72-8380-FDBFD149EA89}.Debug|Any CPU.Build.0 = Debug|Any CPU
		{5D49347B-1117-4E72-8380-FDBFD149EA89}.Release|Any CPU.ActiveCfg = Release|Any CPU
		{5D49347B-1117-4E72-8380-FDBFD149EA89}.Release|Any CPU.Build.0 = Release|Any CPU
		{A95D5BC2-31C2-48B7-A5DA-D37C62704C54}.Debug|Any CPU.ActiveCfg = Debug|Any CPU
		{A95D5BC2-31C2-48B7-A5DA-D37C62704C54}.Debug|Any CPU.Build.0 = Debug|Any CPU
		{A95D5BC2-31C2-48B7-A5DA-D37C62704C54}.Release|Any CPU.ActiveCfg = Release|Any CPU
		{A95D5BC2-31C2-48B7-A5DA-D37C62704C54}.Release|Any CPU.Build.0 = Release|Any CPU
		{65B9085F-96E2-41DC-9456-C639D8E2D963}.Debug|Any CPU.ActiveCfg = Debug|Any CPU
		{65B9085F-96E2-41DC-9456-C639D8E2D963}.Debug|Any CPU.Build.0 = Debug|Any CPU
		{65B9085F-96E2-41DC-9456-C639D8E2D963}.Release|Any CPU.ActiveCfg = Release|Any CPU
		{65B9085F-96E2-41DC-9456-C639D8E2D963}.Release|Any CPU.Build.0 = Release|Any CPU
	EndGlobalSection
	GlobalSection(SolutionProperties) = preSolution
		HideSolutionNode = FALSE
	EndGlobalSection
	GlobalSection(ExtensibilityGlobals) = postSolution
		SolutionGuid = {3905859D-C158-427F-AC96-53ABF0A0A182}
	EndGlobalSection
EndGlobal
